
Microsoft Visual Studio Solution File, Format Version 12.00
# Visual Studio 14
VisualStudioVersion = 14.0.25420.1
MinimumVisualStudioVersion = 10.0.40219.1
Project("{FAE04EC0-301F-11D3-BF4B-00C04F79EFBC}") = "ASummonersTale", "ASummonersTale\ASummonersTale.csproj", "{7170E1A2-F7B5-4264-9501-539CC9AE658A}"
EndProject
Project("{2150E333-8FDC-42A3-9474-1A3956D46DE8}") = "Documents", "Documents", "{0DA38399-C57A-4701-A3E3-A104E009396E}"
	ProjectSection(SolutionItems) = preProject
		Documents\Design Document.md = Documents\Design Document.md
	EndProjectSection
EndProject
Project("{2150E333-8FDC-42A3-9474-1A3956D46DE8}") = "Solution Items", "Solution Items", "{6025D6F5-E9E5-4545-BBC0-A9D37A014014}"
	ProjectSection(SolutionItems) = preProject
		appveyor.yml = appveyor.yml
		MonoGame.Content.Builder.targets = MonoGame.Content.Builder.targets
	EndProjectSection
EndProject
Global
	GlobalSection(SolutionConfigurationPlatforms) = preSolution
		Debug|x64 = Debug|x64
		Debug|x86 = Debug|x86
		Release|x64 = Release|x64
		Release|x86 = Release|x86
		Release64|x64 = Release64|x64
		Release64|x86 = Release64|x86
	EndGlobalSection
	GlobalSection(ProjectConfigurationPlatforms) = postSolution
		{7170E1A2-F7B5-4264-9501-539CC9AE658A}.Debug|x64.ActiveCfg = Debug|x64
		{7170E1A2-F7B5-4264-9501-539CC9AE658A}.Debug|x64.Build.0 = Debug|x64
		{7170E1A2-F7B5-4264-9501-539CC9AE658A}.Debug|x86.ActiveCfg = Debug|x86
		{7170E1A2-F7B5-4264-9501-539CC9AE658A}.Debug|x86.Build.0 = Debug|x86
		{7170E1A2-F7B5-4264-9501-539CC9AE658A}.Release|x64.ActiveCfg = Release|x64
		{7170E1A2-F7B5-4264-9501-539CC9AE658A}.Release|x64.Build.0 = Release|x64
		{7170E1A2-F7B5-4264-9501-539CC9AE658A}.Release|x86.ActiveCfg = Release|x86
		{7170E1A2-F7B5-4264-9501-539CC9AE658A}.Release|x86.Build.0 = Release|x86
		{7170E1A2-F7B5-4264-9501-539CC9AE658A}.Release64|x64.ActiveCfg = Release64|x64
		{7170E1A2-F7B5-4264-9501-539CC9AE658A}.Release64|x64.Build.0 = Release64|x64
		{7170E1A2-F7B5-4264-9501-539CC9AE658A}.Release64|x86.ActiveCfg = Release64|x86
		{7170E1A2-F7B5-4264-9501-539CC9AE658A}.Release64|x86.Build.0 = Release64|x86
	EndGlobalSection
	GlobalSection(SolutionProperties) = preSolution
		HideSolutionNode = FALSE
	EndGlobalSection
EndGlobal
